
Microsoft Visual Studio Solution File, Format Version 12.00
# Visual Studio Version 17
VisualStudioVersion = 17.4.33213.308
MinimumVisualStudioVersion = 10.0.40219.1
Project("{9A19103F-16F7-4668-BE54-9A1E7A4F7556}") = "Ex05", "Ex05\Ex05.csproj", "{247512F1-8650-488C-99E1-758DC8D64EF5}"
EndProject
Project("{9A19103F-16F7-4668-BE54-9A1E7A4F7556}") = "Ex06", "Ex06\Ex06.csproj", "{729EB7A9-A749-480C-A77F-12B2A36F3D32}"
EndProject
Project("{9A19103F-16F7-4668-BE54-9A1E7A4F7556}") = "Ex07", "Ex07\Ex07.csproj", "{D634EE2F-CD12-44F7-AA19-F40EF6D6D25F}"
EndProject
Project("{9A19103F-16F7-4668-BE54-9A1E7A4F7556}") = "Ex08", "Ex08\Ex08.csproj", "{634ECCBC-A1B7-49AE-A4A8-C5AB4242880E}"
EndProject
Project("{9A19103F-16F7-4668-BE54-9A1E7A4F7556}") = "Ex09", "Ex09\Ex09.csproj", "{F13FD3A9-9424-47D8-B917-2FA2E36CE908}"
EndProject
Project("{9A19103F-16F7-4668-BE54-9A1E7A4F7556}") = "Ex10", "Ex10\Ex10.csproj", "{F153F85C-8981-45D1-9F2C-4185387BCD29}"
EndProject
Project("{9A19103F-16F7-4668-BE54-9A1E7A4F7556}") = "Ex11", "Ex11\Ex11.csproj", "{D668AF67-B315-48C4-AF52-5E2B02700889}"
EndProject
Project("{9A19103F-16F7-4668-BE54-9A1E7A4F7556}") = "Ex12", "Ex12\Ex12.csproj", "{9D87F135-BD47-436E-9757-40A9BF05BECC}"
EndProject
Project("{9A19103F-16F7-4668-BE54-9A1E7A4F7556}") = "Ex13", "Ex13\Ex13.csproj", "{412FB885-9A32-4C0F-8A2D-24A6682C4CC3}"
EndProject
Project("{FAE04EC0-301F-11D3-BF4B-00C04F79EFBC}") = "Ex24", "Ex24\Ex24.csproj", "{103E1337-EAA7-4957-9AB9-D4C54384F35B}"
EndProject
Project("{FAE04EC0-301F-11D3-BF4B-00C04F79EFBC}") = "Ex25", "Ex25\Ex25.csproj", "{3ACA5A72-9B50-4A66-AD9F-A260F6ECDA5A}"
EndProject
Global
	GlobalSection(SolutionConfigurationPlatforms) = preSolution
		Debug|Any CPU = Debug|Any CPU
		Release|Any CPU = Release|Any CPU
	EndGlobalSection
	GlobalSection(ProjectConfigurationPlatforms) = postSolution
		{247512F1-8650-488C-99E1-758DC8D64EF5}.Debug|Any CPU.ActiveCfg = Debug|Any CPU
		{247512F1-8650-488C-99E1-758DC8D64EF5}.Debug|Any CPU.Build.0 = Debug|Any CPU
		{247512F1-8650-488C-99E1-758DC8D64EF5}.Release|Any CPU.ActiveCfg = Release|Any CPU
		{247512F1-8650-488C-99E1-758DC8D64EF5}.Release|Any CPU.Build.0 = Release|Any CPU
		{729EB7A9-A749-480C-A77F-12B2A36F3D32}.Debug|Any CPU.ActiveCfg = Debug|Any CPU
		{729EB7A9-A749-480C-A77F-12B2A36F3D32}.Debug|Any CPU.Build.0 = Debug|Any CPU
		{729EB7A9-A749-480C-A77F-12B2A36F3D32}.Release|Any CPU.ActiveCfg = Release|Any CPU
		{729EB7A9-A749-480C-A77F-12B2A36F3D32}.Release|Any CPU.Build.0 = Release|Any CPU
		{D634EE2F-CD12-44F7-AA19-F40EF6D6D25F}.Debug|Any CPU.ActiveCfg = Debug|Any CPU
		{D634EE2F-CD12-44F7-AA19-F40EF6D6D25F}.Debug|Any CPU.Build.0 = Debug|Any CPU
		{D634EE2F-CD12-44F7-AA19-F40EF6D6D25F}.Release|Any CPU.ActiveCfg = Release|Any CPU
		{D634EE2F-CD12-44F7-AA19-F40EF6D6D25F}.Release|Any CPU.Build.0 = Release|Any CPU
		{634ECCBC-A1B7-49AE-A4A8-C5AB4242880E}.Debug|Any CPU.ActiveCfg = Debug|Any CPU
		{634ECCBC-A1B7-49AE-A4A8-C5AB4242880E}.Debug|Any CPU.Build.0 = Debug|Any CPU
		{634ECCBC-A1B7-49AE-A4A8-C5AB4242880E}.Release|Any CPU.ActiveCfg = Release|Any CPU
		{634ECCBC-A1B7-49AE-A4A8-C5AB4242880E}.Release|Any CPU.Build.0 = Release|Any CPU
		{F13FD3A9-9424-47D8-B917-2FA2E36CE908}.Debug|Any CPU.ActiveCfg = Debug|Any CPU
		{F13FD3A9-9424-47D8-B917-2FA2E36CE908}.Debug|Any CPU.Build.0 = Debug|Any CPU
		{F13FD3A9-9424-47D8-B917-2FA2E36CE908}.Release|Any CPU.ActiveCfg = Release|Any CPU
		{F13FD3A9-9424-47D8-B917-2FA2E36CE908}.Release|Any CPU.Build.0 = Release|Any CPU
		{F153F85C-8981-45D1-9F2C-4185387BCD29}.Debug|Any CPU.ActiveCfg = Debug|Any CPU
		{F153F85C-8981-45D1-9F2C-4185387BCD29}.Debug|Any CPU.Build.0 = Debug|Any CPU
		{F153F85C-8981-45D1-9F2C-4185387BCD29}.Release|Any CPU.ActiveCfg = Release|Any CPU
		{F153F85C-8981-45D1-9F2C-4185387BCD29}.Release|Any CPU.Build.0 = Release|Any CPU
		{D668AF67-B315-48C4-AF52-5E2B02700889}.Debug|Any CPU.ActiveCfg = Debug|Any CPU
		{D668AF67-B315-48C4-AF52-5E2B02700889}.Debug|Any CPU.Build.0 = Debug|Any CPU
		{D668AF67-B315-48C4-AF52-5E2B02700889}.Release|Any CPU.ActiveCfg = Release|Any CPU
		{D668AF67-B315-48C4-AF52-5E2B02700889}.Release|Any CPU.Build.0 = Release|Any CPU
		{9D87F135-BD47-436E-9757-40A9BF05BECC}.Debug|Any CPU.ActiveCfg = Debug|Any CPU
		{9D87F135-BD47-436E-9757-40A9BF05BECC}.Debug|Any CPU.Build.0 = Debug|Any CPU
		{9D87F135-BD47-436E-9757-40A9BF05BECC}.Release|Any CPU.ActiveCfg = Release|Any CPU
		{9D87F135-BD47-436E-9757-40A9BF05BECC}.Release|Any CPU.Build.0 = Release|Any CPU
		{412FB885-9A32-4C0F-8A2D-24A6682C4CC3}.Debug|Any CPU.ActiveCfg = Debug|Any CPU
		{412FB885-9A32-4C0F-8A2D-24A6682C4CC3}.Debug|Any CPU.Build.0 = Debug|Any CPU
		{412FB885-9A32-4C0F-8A2D-24A6682C4CC3}.Release|Any CPU.ActiveCfg = Release|Any CPU
		{412FB885-9A32-4C0F-8A2D-24A6682C4CC3}.Release|Any CPU.Build.0 = Release|Any CPU
		{103E1337-EAA7-4957-9AB9-D4C54384F35B}.Debug|Any CPU.ActiveCfg = Debug|Any CPU
		{103E1337-EAA7-4957-9AB9-D4C54384F35B}.Debug|Any CPU.Build.0 = Debug|Any CPU
		{103E1337-EAA7-4957-9AB9-D4C54384F35B}.Release|Any CPU.ActiveCfg = Release|Any CPU
		{103E1337-EAA7-4957-9AB9-D4C54384F35B}.Release|Any CPU.Build.0 = Release|Any CPU
		{3ACA5A72-9B50-4A66-AD9F-A260F6ECDA5A}.Debug|Any CPU.ActiveCfg = Debug|Any CPU
		{3ACA5A72-9B50-4A66-AD9F-A260F6ECDA5A}.Debug|Any CPU.Build.0 = Debug|Any CPU
		{3ACA5A72-9B50-4A66-AD9F-A260F6ECDA5A}.Release|Any CPU.ActiveCfg = Release|Any CPU
		{3ACA5A72-9B50-4A66-AD9F-A260F6ECDA5A}.Release|Any CPU.Build.0 = Release|Any CPU
	EndGlobalSection
	GlobalSection(SolutionProperties) = preSolution
		HideSolutionNode = FALSE
	EndGlobalSection
	GlobalSection(ExtensibilityGlobals) = postSolution
		SolutionGuid = {BA8B96A0-5C02-4FB5-B8BD-870DBD327A42}
	EndGlobalSection
EndGlobal
